
Microsoft Visual Studio Solution File, Format Version 12.00
# Visual Studio 2012
Project("{FAE04EC0-301F-11D3-BF4B-00C04F79EFBC}") = "Scale", "Source\Scale\Scale.csproj", "{70D38878-43DB-4F6E-8002-45ADA5391AF7}"
EndProject
Project("{FAE04EC0-301F-11D3-BF4B-00C04F79EFBC}") = "Scale_Redist", "Source\Scale_Redist\Scale_Redist.csproj", "{2BE63D8B-350E-4EDD-959C-4B7397984364}"
EndProject
Project("{FAE04EC0-301F-11D3-BF4B-00C04F79EFBC}") = "Scale_TweakableEverything", "Source\Scale_TweakableEverything\Scale_TweakableEverything.csproj", "{1E379ED8-DB42-4FC1-B7F5-BF9A9A4F3B2E}"
EndProject
Global
	GlobalSection(SolutionConfigurationPlatforms) = preSolution
		Debug|Any CPU = Debug|Any CPU
		Release|Any CPU = Release|Any CPU
	EndGlobalSection
	GlobalSection(ProjectConfigurationPlatforms) = postSolution
		{2BE63D8B-350E-4EDD-959C-4B7397984364}.Debug|Any CPU.ActiveCfg = Debug|Any CPU
		{2BE63D8B-350E-4EDD-959C-4B7397984364}.Debug|Any CPU.Build.0 = Debug|Any CPU
		{2BE63D8B-350E-4EDD-959C-4B7397984364}.Release|Any CPU.ActiveCfg = Release|Any CPU
		{2BE63D8B-350E-4EDD-959C-4B7397984364}.Release|Any CPU.Build.0 = Release|Any CPU
		{70D38878-43DB-4F6E-8002-45ADA5391AF7}.Debug|Any CPU.ActiveCfg = Debug|Any CPU
		{70D38878-43DB-4F6E-8002-45ADA5391AF7}.Debug|Any CPU.Build.0 = Debug|Any CPU
		{70D38878-43DB-4F6E-8002-45ADA5391AF7}.Release|Any CPU.ActiveCfg = Release|Any CPU
		{70D38878-43DB-4F6E-8002-45ADA5391AF7}.Release|Any CPU.Build.0 = Release|Any CPU
		{1E379ED8-DB42-4FC1-B7F5-BF9A9A4F3B2E}.Debug|Any CPU.ActiveCfg = Debug|Any CPU
		{1E379ED8-DB42-4FC1-B7F5-BF9A9A4F3B2E}.Debug|Any CPU.Build.0 = Debug|Any CPU
		{1E379ED8-DB42-4FC1-B7F5-BF9A9A4F3B2E}.Release|Any CPU.ActiveCfg = Release|Any CPU
		{1E379ED8-DB42-4FC1-B7F5-BF9A9A4F3B2E}.Release|Any CPU.Build.0 = Release|Any CPU
	EndGlobalSection
	GlobalSection(MonoDevelopProperties) = preSolution
		Policies = $0
		$0.TextStylePolicy = $1
		$1.NoTabsAfterNonTabs = True
		$1.scope = text/x-csharp
		$1.TabsToSpaces = True
		$1.inheritsSet = null
		$0.CSharpFormattingPolicy = $2
		$2.AfterDelegateDeclarationParameterComma = True
		$2.scope = text/x-csharp
		$2.IndentSwitchSection = False
		$2.NewLinesForBracesInProperties = False
		$2.NewLinesForBracesInAccessors = False
		$2.NewLinesForBracesInAnonymousMethods = False
		$2.NewLinesForBracesInControlBlocks = False
		$2.NewLinesForBracesInAnonymousTypes = False
		$2.NewLinesForBracesInObjectCollectionArrayInitializers = False
		$2.NewLinesForBracesInLambdaExpressionBody = False
		$2.NewLineForElse = False
		$2.NewLineForCatch = False
		$2.NewLineForFinally = False
		$2.NewLineForMembersInObjectInit = False
		$2.NewLineForMembersInAnonymousTypes = False
		$2.NewLineForClausesInQuery = False
		$2.SpacingAfterMethodDeclarationName = True
		$2.SpaceAfterMethodCallName = True
		$2.SpaceBeforeOpenSquareBracket = True
		$0.TextStylePolicy = $3
		$3.FileWidth = 132
		$3.EolMarker = Unix
		$3.scope = text/plain
		$3.TabsToSpaces = True
		$3.NoTabsAfterNonTabs = True
		$0.TextStylePolicy = $4
		$4.inheritsSet = null
		$4.scope = application/t4-template
		$0.StandardHeader = $5
	EndGlobalSection
	GlobalSection(SolutionProperties) = preSolution
		HideSolutionNode = FALSE
	EndGlobalSection
EndGlobal
